
Microsoft Visual Studio Solution File, Format Version 12.00
# Visual Studio Version 17
VisualStudioVersion = 17.11.35327.3
MinimumVisualStudioVersion = 10.0.40219.1
Project("{9A19103F-16F7-4668-BE54-9A1E7A4F7556}") = "MvcMovie", "MvcMovie\MvcMovie.csproj", "{23F28B7C-D90E-46F3-86F5-F7E7527D74F2}"
EndProject
Project("{9A19103F-16F7-4668-BE54-9A1E7A4F7556}") = "ContosoUniversity", "ContosoUniversity\ContosoUniversity.csproj", "{6D0418D1-6E43-47AB-BD00-9C4AAFCF51EA}"
EndProject
Project("{FAE04EC0-301F-11D3-BF4B-00C04F79EFBC}") = "Academy", "Academy\Academy.csproj", "{DDA255B2-4045-43D1-B3D6-E05AD14CC94E}"
EndProject
Global
	GlobalSection(SolutionConfigurationPlatforms) = preSolution
		Debug|Any CPU = Debug|Any CPU
		Release|Any CPU = Release|Any CPU
	EndGlobalSection
	GlobalSection(ProjectConfigurationPlatforms) = postSolution
		{23F28B7C-D90E-46F3-86F5-F7E7527D74F2}.Debug|Any CPU.ActiveCfg = Debug|Any CPU
		{23F28B7C-D90E-46F3-86F5-F7E7527D74F2}.Debug|Any CPU.Build.0 = Debug|Any CPU
		{23F28B7C-D90E-46F3-86F5-F7E7527D74F2}.Release|Any CPU.ActiveCfg = Release|Any CPU
		{23F28B7C-D90E-46F3-86F5-F7E7527D74F2}.Release|Any CPU.Build.0 = Release|Any CPU
		{6D0418D1-6E43-47AB-BD00-9C4AAFCF51EA}.Debug|Any CPU.ActiveCfg = Debug|Any CPU
		{6D0418D1-6E43-47AB-BD00-9C4AAFCF51EA}.Debug|Any CPU.Build.0 = Debug|Any CPU
		{6D0418D1-6E43-47AB-BD00-9C4AAFCF51EA}.Release|Any CPU.ActiveCfg = Release|Any CPU
		{6D0418D1-6E43-47AB-BD00-9C4AAFCF51EA}.Release|Any CPU.Build.0 = Release|Any CPU
		{DDA255B2-4045-43D1-B3D6-E05AD14CC94E}.Debug|Any CPU.ActiveCfg = Debug|Any CPU
		{DDA255B2-4045-43D1-B3D6-E05AD14CC94E}.Debug|Any CPU.Build.0 = Debug|Any CPU
		{DDA255B2-4045-43D1-B3D6-E05AD14CC94E}.Release|Any CPU.ActiveCfg = Release|Any CPU
		{DDA255B2-4045-43D1-B3D6-E05AD14CC94E}.Release|Any CPU.Build.0 = Release|Any CPU
	EndGlobalSection
	GlobalSection(SolutionProperties) = preSolution
		HideSolutionNode = FALSE
	EndGlobalSection
	GlobalSection(ExtensibilityGlobals) = postSolution
		SolutionGuid = {73F1E924-0CC4-4E3D-92A4-74BFDDE89506}
	EndGlobalSection
EndGlobal
